
Microsoft Visual Studio Solution File, Format Version 12.00
# Visual Studio Version 17
VisualStudioVersion = 17.10.34902.84
MinimumVisualStudioVersion = 10.0.40219.1
Project("{8BC9CEB8-8B4A-11D0-8D11-00A0C91BC942}") = "Application", "Application\Application.vcxproj", "{6B3A6EE5-D2B4-4333-9567-C49A21B7AC98}"
EndProject
Project("{8BC9CEB8-8B4A-11D0-8D11-00A0C91BC942}") = "Library", "Library\Library.vcxproj", "{33320066-62CA-4FEB-BDB0-44A7F19EC1B9}"
EndProject
Global
	GlobalSection(SolutionConfigurationPlatforms) = preSolution
		Debug|x64 = Debug|x64
		Debug|x86 = Debug|x86
		Release|x64 = Release|x64
		Release|x86 = Release|x86
	EndGlobalSection
	GlobalSection(ProjectConfigurationPlatforms) = postSolution
		{6B3A6EE5-D2B4-4333-9567-C49A21B7AC98}.Debug|x64.ActiveCfg = Debug|x64
		{6B3A6EE5-D2B4-4333-9567-C49A21B7AC98}.Debug|x64.Build.0 = Debug|x64
		{6B3A6EE5-D2B4-4333-9567-C49A21B7AC98}.Debug|x86.ActiveCfg = Debug|Win32
		{6B3A6EE5-D2B4-4333-9567-C49A21B7AC98}.Debug|x86.Build.0 = Debug|Win32
		{6B3A6EE5-D2B4-4333-9567-C49A21B7AC98}.Release|x64.ActiveCfg = Release|x64
		{6B3A6EE5-D2B4-4333-9567-C49A21B7AC98}.Release|x64.Build.0 = Release|x64
		{6B3A6EE5-D2B4-4333-9567-C49A21B7AC98}.Release|x86.ActiveCfg = Release|Win32
		{6B3A6EE5-D2B4-4333-9567-C49A21B7AC98}.Release|x86.Build.0 = Release|Win32
		{33320066-62CA-4FEB-BDB0-44A7F19EC1B9}.Debug|x64.ActiveCfg = Debug|x64
		{33320066-62CA-4FEB-BDB0-44A7F19EC1B9}.Debug|x64.Build.0 = Debug|x64
		{33320066-62CA-4FEB-BDB0-44A7F19EC1B9}.Debug|x86.ActiveCfg = Debug|Win32
		{33320066-62CA-4FEB-BDB0-44A7F19EC1B9}.Debug|x86.Build.0 = Debug|Win32
		{33320066-62CA-4FEB-BDB0-44A7F19EC1B9}.Release|x64.ActiveCfg = Release|x64
		{33320066-62CA-4FEB-BDB0-44A7F19EC1B9}.Release|x64.Build.0 = Release|x64
		{33320066-62CA-4FEB-BDB0-44A7F19EC1B9}.Release|x86.ActiveCfg = Release|Win32
		{33320066-62CA-4FEB-BDB0-44A7F19EC1B9}.Release|x86.Build.0 = Release|Win32
	EndGlobalSection
	GlobalSection(SolutionProperties) = preSolution
		HideSolutionNode = FALSE
	EndGlobalSection
	GlobalSection(ExtensibilityGlobals) = postSolution
		SolutionGuid = {C4032CA2-ADDE-4868-9DD5-9CDBEB4D53DE}
	EndGlobalSection
EndGlobal
